{
  "name": "sooq-alemarat",
  "version": "1.0.0",
  "lockfileVersion": 3,
  "requires": true,
  "packages": {
    "": {
      "name": "sooq-alemarat",
      "version": "1.0.0",
      "license": "MIT",
      "dependencies": {
        "@tinacms/cli": "^1.5.0",
        "tinacms": "^1.5.0"
      },
      "devDependencies": {
        "serve": "^14.2.0"
      }
    }
  }
}