{
  "name": "sooq-alemarat-cms",
  "version": "1.0.0",
  "lockfileVersion": 3,
  "requires": true,
  "packages": {
    "": {
      "name": "sooq-alemarat-cms",
      "version": "1.0.0",
      "dependencies": {
        "@tinacms/cli": "^1.5.0",
        "tinacms": "^1.5.0"
      },
      "devDependencies": {
        "serve": "^14.0.0"
      }
    },
    "node_modules/@tinacms/cli": {
      "version": "1.5.0",
      "resolved": "https://registry.npmjs.org/@tinacms/cli/-/cli-1.5.0.tgz",
      "integrity": "sha512-placeholder",
      "bin": {
        "tinacms": "bin/tinacms"
      }
    },
    "node_modules/tinacms": {
      "version": "1.5.0",
      "resolved": "https://registry.npmjs.org/tinacms/-/tinacms-1.5.0.tgz",
      "integrity": "sha512-placeholder"
    },
    "node_modules/serve": {
      "version": "14.0.0",
      "resolved": "https://registry.npmjs.org/serve/-/serve-14.0.0.tgz",
      "integrity": "sha512-placeholder",
      "dev": true,
      "bin": {
        "serve": "bin/serve.js"
      }
    }
  }
}